
Microsoft Visual Studio Solution File, Format Version 12.00
# Visual Studio 15
VisualStudioVersion = 15.0.28307.271
MinimumVisualStudioVersion = 10.0.40219.1
Project("{FAE04EC0-301F-11D3-BF4B-00C04F79EFBC}") = "NitroxUnityCodePlugin", "NitroxUnityCodePlugin\NitroxUnityCodePlugin.csproj", "{A1809126-5C50-486B-8774-F092E3FCCA86}"
EndProject
Global
	GlobalSection(SolutionConfigurationPlatforms) = preSolution
		Debug|Any CPU = Debug|Any CPU
		Release|Any CPU = Release|Any CPU
	EndGlobalSection
	GlobalSection(ProjectConfigurationPlatforms) = postSolution
		{A1809126-5C50-486B-8774-F092E3FCCA86}.Debug|Any CPU.ActiveCfg = Debug|Any CPU
		{A1809126-5C50-486B-8774-F092E3FCCA86}.Debug|Any CPU.Build.0 = Debug|Any CPU
		{A1809126-5C50-486B-8774-F092E3FCCA86}.Release|Any CPU.ActiveCfg = Release|Any CPU
		{A1809126-5C50-486B-8774-F092E3FCCA86}.Release|Any CPU.Build.0 = Release|Any CPU
	EndGlobalSection
	GlobalSection(SolutionProperties) = preSolution
		HideSolutionNode = FALSE
	EndGlobalSection
	GlobalSection(ExtensibilityGlobals) = postSolution
		SolutionGuid = {FE66E119-6517-4D09-8239-A1C623EE2CF3}
	EndGlobalSection
EndGlobal
